
Microsoft Visual Studio Solution File, Format Version 12.00
# Visual Studio Version 17
VisualStudioVersion = 17.9.34728.123
MinimumVisualStudioVersion = 10.0.40219.1
Project("{FAE04EC0-301F-11D3-BF4B-00C04F79EFBC}") = "Ass-1", "Ass-1.csproj", "{ECED8A35-1A46-4817-ADF7-2E787C7B641B}"
EndProject
Global
	GlobalSection(SolutionConfigurationPlatforms) = preSolution
		Debug|Any CPU = Debug|Any CPU
		Release|Any CPU = Release|Any CPU
	EndGlobalSection
	GlobalSection(ProjectConfigurationPlatforms) = postSolution
		{ECED8A35-1A46-4817-ADF7-2E787C7B641B}.Debug|Any CPU.ActiveCfg = Debug|Any CPU
		{ECED8A35-1A46-4817-ADF7-2E787C7B641B}.Debug|Any CPU.Build.0 = Debug|Any CPU
		{ECED8A35-1A46-4817-ADF7-2E787C7B641B}.Release|Any CPU.ActiveCfg = Release|Any CPU
		{ECED8A35-1A46-4817-ADF7-2E787C7B641B}.Release|Any CPU.Build.0 = Release|Any CPU
	EndGlobalSection
	GlobalSection(SolutionProperties) = preSolution
		HideSolutionNode = FALSE
	EndGlobalSection
	GlobalSection(ExtensibilityGlobals) = postSolution
		SolutionGuid = {7A06105B-118C-4D5F-80E8-4BBC582110FC}
	EndGlobalSection
EndGlobal
